// !$*UTF8*$!
{
	archiveVersion = 1;
	classes = {
	};
	objectVersion = 56;
	objects = {

/* Begin PBXBuildFile section */
		04C037C92A668A5A005045D3 /* MakeItSoApp.swift in Sources */ = {isa = PBXBuildFile; fileRef = 04C037C82A668A5A005045D3 /* MakeItSoApp.swift */; };
		04C037CB2A668A5A005045D3 /* RemindersListView.swift in Sources */ = {isa = PBXBuildFile; fileRef = 04C037CA2A668A5A005045D3 /* RemindersListView.swift */; };
		04C037CD2A668A5C005045D3 /* Assets.xcassets in Resources */ = {isa = PBXBuildFile; fileRef = 04C037CC2A668A5C005045D3 /* Assets.xcassets */; };
		04C037D02A668A5C005045D3 /* Preview Assets.xcassets in Resources */ = {isa = PBXBuildFile; fileRef = 04C037CF2A668A5C005045D3 /* Preview Assets.xcassets */; };
		04C037DA2A668A5C005045D3 /* MakeItSoTests.swift in Sources */ = {isa = PBXBuildFile; fileRef = 04C037D92A668A5C005045D3 /* MakeItSoTests.swift */; };
		04C037E42A668A5C005045D3 /* MakeItSoUITests.swift in Sources */ = {isa = PBXBuildFile; fileRef = 04C037E32A668A5C005045D3 /* MakeItSoUITests.swift */; };
		04C037E62A668A5C005045D3 /* MakeItSoUITestsLaunchTests.swift in Sources */ = {isa = PBXBuildFile; fileRef = 04C037E52A668A5C005045D3 /* MakeItSoUITestsLaunchTests.swift */; };
		456E21E72A67F1080036F00D /* RemindersListRowView.swift in Sources */ = {isa = PBXBuildFile; fileRef = 456E21E62A67F1080036F00D /* RemindersListRowView.swift */; };
		456E21EA2A67F5EE0036F00D /* ReminderToggleStyle.swift in Sources */ = {isa = PBXBuildFile; fileRef = 456E21E92A67F5EE0036F00D /* ReminderToggleStyle.swift */; };
		456E21EE2A680A360036F00D /* FirebaseAnalytics in Frameworks */ = {isa = PBXBuildFile; productRef = 456E21ED2A680A360036F00D /* FirebaseAnalytics */; };
		456E21F02A680A360036F00D /* FirebaseAnalyticsSwift in Frameworks */ = {isa = PBXBuildFile; productRef = 456E21EF2A680A360036F00D /* FirebaseAnalyticsSwift */; };
		456E21F22A680A360036F00D /* FirebaseAuth in Frameworks */ = {isa = PBXBuildFile; productRef = 456E21F12A680A360036F00D /* FirebaseAuth */; };
		456E21F42A680A360036F00D /* FirebaseFirestore in Frameworks */ = {isa = PBXBuildFile; productRef = 456E21F32A680A360036F00D /* FirebaseFirestore */; };
		456E21F62A680A360036F00D /* FirebaseFirestoreSwift in Frameworks */ = {isa = PBXBuildFile; productRef = 456E21F52A680A360036F00D /* FirebaseFirestoreSwift */; };
		456E21F82A6816A50036F00D /* GoogleService-Info.plist in Resources */ = {isa = PBXBuildFile; fileRef = 456E21F72A6816A50036F00D /* GoogleService-Info.plist */; };
		45708FBF2A67B65A00B8A838 /* Reminder.swift in Sources */ = {isa = PBXBuildFile; fileRef = 45708FBE2A67B65A00B8A838 /* Reminder.swift */; };
		45890BCB2A69176100BAF127 /* RemindersRepository.swift in Sources */ = {isa = PBXBuildFile; fileRef = 45890BCA2A69176100BAF127 /* RemindersRepository.swift */; };
		45890BCF2A69277400BAF127 /* RemindersListViewModel.swift in Sources */ = {isa = PBXBuildFile; fileRef = 45890BCE2A69277400BAF127 /* RemindersListViewModel.swift */; };
		45890BD22A694C5000BAF127 /* Factory in Frameworks */ = {isa = PBXBuildFile; productRef = 45890BD12A694C5000BAF127 /* Factory */; };
		45890BD72A694D4300BAF127 /* Firebase+Injection.swift in Sources */ = {isa = PBXBuildFile; fileRef = 45890BD62A694D4300BAF127 /* Firebase+Injection.swift */; };
		45890BD92A694EF700BAF127 /* Repositories+Injection.swift in Sources */ = {isa = PBXBuildFile; fileRef = 45890BD82A694EF700BAF127 /* Repositories+Injection.swift */; };
		45D6A2952A67C87F00DF8A7E /* EditReminderDetailsView.swift in Sources */ = {isa = PBXBuildFile; fileRef = 45D6A2942A67C87F00DF8A7E /* EditReminderDetailsView.swift */; };
/* End PBXBuildFile section */

/* Begin PBXContainerItemProxy section */
		04C037D62A668A5C005045D3 /* PBXContainerItemProxy */ = {
			isa = PBXContainerItemProxy;
			containerPortal = 04C037BD2A668A5A005045D3 /* Project object */;
			proxyType = 1;
			remoteGlobalIDString = 04C037C42A668A5A005045D3;
			remoteInfo = MakeItSo;
		};
		04C037E02A668A5C005045D3 /* PBXContainerItemProxy */ = {
			isa = PBXContainerItemProxy;
			containerPortal = 04C037BD2A668A5A005045D3 /* Project object */;
			proxyType = 1;
			remoteGlobalIDString = 04C037C42A668A5A005045D3;
			remoteInfo = MakeItSo;
		};
/* End PBXContainerItemProxy section */

/* Begin PBXFileReference section */
		04C037C52A668A5A005045D3 /* MakeItSo.app */ = {isa = PBXFileReference; explicitFileType = wrapper.application; includeInIndex = 0; path = MakeItSo.app; sourceTree = BUILT_PRODUCTS_DIR; };
		04C037C82A668A5A005045D3 /* MakeItSoApp.swift */ = {isa = PBXFileReference; lastKnownFileType = sourcecode.swift; path = MakeItSoApp.swift; sourceTree = "<group>"; };
		04C037CA2A668A5A005045D3 /* RemindersListView.swift */ = {isa = PBXFileReference; lastKnownFileType = sourcecode.swift; path = RemindersListView.swift; sourceTree = "<group>"; };
		04C037CC2A668A5C005045D3 /* Assets.xcassets */ = {isa = PBXFileReference; lastKnownFileType = folder.assetcatalog; path = Assets.xcassets; sourceTree = "<group>"; };
		04C037CF2A668A5C005045D3 /* Preview Assets.xcassets */ = {isa = PBXFileReference; lastKnownFileType = folder.assetcatalog; path = "Preview Assets.xcassets"; sourceTree = "<group>"; };
		04C037D52A668A5C005045D3 /* MakeItSoTests.xctest */ = {isa = PBXFileReference; explicitFileType = wrapper.cfbundle; includeInIndex = 0; path = MakeItSoTests.xctest; sourceTree = BUILT_PRODUCTS_DIR; };
		04C037D92A668A5C005045D3 /* MakeItSoTests.swift */ = {isa = PBXFileReference; lastKnownFileType = sourcecode.swift; path = MakeItSoTests.swift; sourceTree = "<group>"; };
		04C037DF2A668A5C005045D3 /* MakeItSoUITests.xctest */ = {isa = PBXFileReference; explicitFileType = wrapper.cfbundle; includeInIndex = 0; path = MakeItSoUITests.xctest; sourceTree = BUILT_PRODUCTS_DIR; };
		04C037E32A668A5C005045D3 /* MakeItSoUITests.swift */ = {isa = PBXFileReference; lastKnownFileType = sourcecode.swift; path = MakeItSoUITests.swift; sourceTree = "<group>"; };
		04C037E52A668A5C005045D3 /* MakeItSoUITestsLaunchTests.swift */ = {isa = PBXFileReference; lastKnownFileType = sourcecode.swift; path = MakeItSoUITestsLaunchTests.swift; sourceTree = "<group>"; };
		456E21E62A67F1080036F00D /* RemindersListRowView.swift */ = {isa = PBXFileReference; lastKnownFileType = sourcecode.swift; path = RemindersListRowView.swift; sourceTree = "<group>"; };
		456E21E92A67F5EE0036F00D /* ReminderToggleStyle.swift */ = {isa = PBXFileReference; lastKnownFileType = sourcecode.swift; path = ReminderToggleStyle.swift; sourceTree = "<group>"; };
		456E21F72A6816A50036F00D /* GoogleService-Info.plist */ = {isa = PBXFileReference; fileEncoding = 4; lastKnownFileType = text.plist.xml; path = "GoogleService-Info.plist"; sourceTree = "<group>"; };
		45708FBE2A67B65A00B8A838 /* Reminder.swift */ = {isa = PBXFileReference; lastKnownFileType = sourcecode.swift; path = Reminder.swift; sourceTree = "<group>"; };
		45890BCA2A69176100BAF127 /* RemindersRepository.swift */ = {isa = PBXFileReference; lastKnownFileType = sourcecode.swift; path = RemindersRepository.swift; sourceTree = "<group>"; };
		45890BCE2A69277400BAF127 /* RemindersListViewModel.swift */ = {isa = PBXFileReference; lastKnownFileType = sourcecode.swift; path = RemindersListViewModel.swift; sourceTree = "<group>"; };
		45890BD62A694D4300BAF127 /* Firebase+Injection.swift */ = {isa = PBXFileReference; lastKnownFileType = sourcecode.swift; path = "Firebase+Injection.swift"; sourceTree = "<group>"; };
		45890BD82A694EF700BAF127 /* Repositories+Injection.swift */ = {isa = PBXFileReference; lastKnownFileType = sourcecode.swift; path = "Repositories+Injection.swift"; sourceTree = "<group>"; };
		45D6A2942A67C87F00DF8A7E /* EditReminderDetailsView.swift */ = {isa = PBXFileReference; lastKnownFileType = sourcecode.swift; path = EditReminderDetailsView.swift; sourceTree = "<group>"; };
/* End PBXFileReference section */

/* Begin PBXFrameworksBuildPhase section */
		04C037C22A668A5A005045D3 /* Frameworks */ = {
			isa = PBXFrameworksBuildPhase;
			buildActionMask = 2147483647;
			files = (
				456E21F62A680A360036F00D /* FirebaseFirestoreSwift in Frameworks */,
				456E21F02A680A360036F00D /* FirebaseAnalyticsSwift in Frameworks */,
				456E21F42A680A360036F00D /* FirebaseFirestore in Frameworks */,
				45890BD22A694C5000BAF127 /* Factory in Frameworks */,
				456E21F22A680A360036F00D /* FirebaseAuth in Frameworks */,
				456E21EE2A680A360036F00D /* FirebaseAnalytics in Frameworks */,
			);
			runOnlyForDeploymentPostprocessing = 0;
		};
		04C037D22A668A5C005045D3 /* Frameworks */ = {
			isa = PBXFrameworksBuildPhase;
			buildActionMask = 2147483647;
			files = (
			);
			runOnlyForDeploymentPostprocessing = 0;
		};
		04C037DC2A668A5C005045D3 /* Frameworks */ = {
			isa = PBXFrameworksBuildPhase;
			buildActionMask = 2147483647;
			files = (
			);
			runOnlyForDeploymentPostprocessing = 0;
		};
/* End PBXFrameworksBuildPhase section */

/* Begin PBXGroup section */
		04C037BC2A668A5A005045D3 = {
			isa = PBXGroup;
			children = (
				04C037C72A668A5A005045D3 /* MakeItSo */,
				04C037D82A668A5C005045D3 /* MakeItSoTests */,
				04C037E22A668A5C005045D3 /* MakeItSoUITests */,
				04C037C62A668A5A005045D3 /* Products */,
			);
			sourceTree = "<group>";
		};
		04C037C62A668A5A005045D3 /* Products */ = {
			isa = PBXGroup;
			children = (
				04C037C52A668A5A005045D3 /* MakeItSo.app */,
				04C037D52A668A5C005045D3 /* MakeItSoTests.xctest */,
				04C037DF2A668A5C005045D3 /* MakeItSoUITests.xctest */,
			);
			name = Products;
			sourceTree = "<group>";
		};
		04C037C72A668A5A005045D3 /* MakeItSo */ = {
			isa = PBXGroup;
			children = (
				45FFC6AD2A67E243004E631D /* Features */,
				04C037C82A668A5A005045D3 /* MakeItSoApp.swift */,
				04C037CC2A668A5C005045D3 /* Assets.xcassets */,
				456E21F72A6816A50036F00D /* GoogleService-Info.plist */,
				04C037CE2A668A5C005045D3 /* Preview Content */,
			);
			path = MakeItSo;
			sourceTree = "<group>";
		};
		04C037CE2A668A5C005045D3 /* Preview Content */ = {
			isa = PBXGroup;
			children = (
				04C037CF2A668A5C005045D3 /* Preview Assets.xcassets */,
			);
			path = "Preview Content";
			sourceTree = "<group>";
		};
		04C037D82A668A5C005045D3 /* MakeItSoTests */ = {
			isa = PBXGroup;
			children = (
				04C037D92A668A5C005045D3 /* MakeItSoTests.swift */,
			);
			path = MakeItSoTests;
			sourceTree = "<group>";
		};
		04C037E22A668A5C005045D3 /* MakeItSoUITests */ = {
			isa = PBXGroup;
			children = (
				04C037E32A668A5C005045D3 /* MakeItSoUITests.swift */,
				04C037E52A668A5C005045D3 /* MakeItSoUITestsLaunchTests.swift */,
			);
			path = MakeItSoUITests;
			sourceTree = "<group>";
		};
		456E21E82A67F5BC0036F00D /* Styles */ = {
			isa = PBXGroup;
			children = (
				456E21E92A67F5EE0036F00D /* ReminderToggleStyle.swift */,
			);
			path = Styles;
			sourceTree = "<group>";
		};
		45890BC92A69174A00BAF127 /* Repositories */ = {
			isa = PBXGroup;
			children = (
				45890BCA2A69176100BAF127 /* RemindersRepository.swift */,
				45890BD82A694EF700BAF127 /* Repositories+Injection.swift */,
			);
			path = Repositories;
			sourceTree = "<group>";
		};
		45890BCD2A6926D700BAF127 /* ViewModels */ = {
			isa = PBXGroup;
			children = (
				45890BCE2A69277400BAF127 /* RemindersListViewModel.swift */,
			);
			path = ViewModels;
			sourceTree = "<group>";
		};
		45890BD32A694C8200BAF127 /* Firebase */ = {
			isa = PBXGroup;
			children = (
				45890BD52A694C9800BAF127 /* Services */,
			);
			path = Firebase;
			sourceTree = "<group>";
		};
		45890BD52A694C9800BAF127 /* Services */ = {
			isa = PBXGroup;
			children = (
				45890BD62A694D4300BAF127 /* Firebase+Injection.swift */,
			);
			path = Services;
			sourceTree = "<group>";
		};
		45FFC6AA2A67E219004E631D /* Models */ = {
			isa = PBXGroup;
			children = (
				45708FBE2A67B65A00B8A838 /* Reminder.swift */,
			);
			path = Models;
			sourceTree = "<group>";
		};
		45FFC6AD2A67E243004E631D /* Features */ = {
			isa = PBXGroup;
			children = (
				45890BD32A694C8200BAF127 /* Firebase */,
				45FFC6AE2A67E24C004E631D /* Reminders */,
			);
			path = Features;
			sourceTree = "<group>";
		};
		45FFC6AE2A67E24C004E631D /* Reminders */ = {
			isa = PBXGroup;
			children = (
				45890BCD2A6926D700BAF127 /* ViewModels */,
				45890BC92A69174A00BAF127 /* Repositories */,
				456E21E82A67F5BC0036F00D /* Styles */,
				45FFC6AA2A67E219004E631D /* Models */,
				45FFC6AF2A67E266004E631D /* Views */,
			);
			path = Reminders;
			sourceTree = "<group>";
		};
		45FFC6AF2A67E266004E631D /* Views */ = {
			isa = PBXGroup;
			children = (
				04C037CA2A668A5A005045D3 /* RemindersListView.swift */,
				45D6A2942A67C87F00DF8A7E /* EditReminderDetailsView.swift */,
				456E21E62A67F1080036F00D /* RemindersListRowView.swift */,
			);
			path = Views;
			sourceTree = "<group>";
		};
/* End PBXGroup section */

/* Begin PBXNativeTarget section */
		04C037C42A668A5A005045D3 /* MakeItSo */ = {
			isa = PBXNativeTarget;
			buildConfigurationList = 04C037E92A668A5C005045D3 /* Build configuration list for PBXNativeTarget "MakeItSo" */;
			buildPhases = (
				04C037C12A668A5A005045D3 /* Sources */,
				04C037C22A668A5A005045D3 /* Frameworks */,
				04C037C32A668A5A005045D3 /* Resources */,
				45A898072A67BCA9000DA721 /* Swift Format */,
			);
			buildRules = (
			);
			dependencies = (
			);
			name = MakeItSo;
			packageProductDependencies = (
				456E21ED2A680A360036F00D /* FirebaseAnalytics */,
				456E21EF2A680A360036F00D /* FirebaseAnalyticsSwift */,
				456E21F12A680A360036F00D /* FirebaseAuth */,
				456E21F32A680A360036F00D /* FirebaseFirestore */,
				456E21F52A680A360036F00D /* FirebaseFirestoreSwift */,
				45890BD12A694C5000BAF127 /* Factory */,
			);
			productName = MakeItSo;
			productReference = 04C037C52A668A5A005045D3 /* MakeItSo.app */;
			productType = "com.apple.product-type.application";
		};
		04C037D42A668A5C005045D3 /* MakeItSoTests */ = {
			isa = PBXNativeTarget;
			buildConfigurationList = 04C037EC2A668A5C005045D3 /* Build configuration list for PBXNativeTarget "MakeItSoTests" */;
			buildPhases = (
				04C037D12A668A5C005045D3 /* Sources */,
				04C037D22A668A5C005045D3 /* Frameworks */,
				04C037D32A668A5C005045D3 /* Resources */,
			);
			buildRules = (
			);
			dependencies = (
				04C037D72A668A5C005045D3 /* PBXTargetDependency */,
			);
			name = MakeItSoTests;
			productName = MakeItSoTests;
			productReference = 04C037D52A668A5C005045D3 /* MakeItSoTests.xctest */;
			productType = "com.apple.product-type.bundle.unit-test";
		};
		04C037DE2A668A5C005045D3 /* MakeItSoUITests */ = {
			isa = PBXNativeTarget;
			buildConfigurationList = 04C037EF2A668A5C005045D3 /* Build configuration list for PBXNativeTarget "MakeItSoUITests" */;
			buildPhases = (
				04C037DB2A668A5C005045D3 /* Sources */,
				04C037DC2A668A5C005045D3 /* Frameworks */,
				04C037DD2A668A5C005045D3 /* Resources */,
			);
			buildRules = (
			);
			dependencies = (
				04C037E12A668A5C005045D3 /* PBXTargetDependency */,
			);
			name = MakeItSoUITests;
			productName = MakeItSoUITests;
			productReference = 04C037DF2A668A5C005045D3 /* MakeItSoUITests.xctest */;
			productType = "com.apple.product-type.bundle.ui-testing";
		};
/* End PBXNativeTarget section */

/* Begin PBXProject section */
		04C037BD2A668A5A005045D3 /* Project object */ = {
			isa = PBXProject;
			attributes = {
				BuildIndependentTargetsInParallel = 1;
				LastSwiftUpdateCheck = 1430;
				LastUpgradeCheck = 1430;
				TargetAttributes = {
					04C037C42A668A5A005045D3 = {
						CreatedOnToolsVersion = 14.3.1;
					};
					04C037D42A668A5C005045D3 = {
						CreatedOnToolsVersion = 14.3.1;
						TestTargetID = 04C037C42A668A5A005045D3;
					};
					04C037DE2A668A5C005045D3 = {
						CreatedOnToolsVersion = 14.3.1;
						TestTargetID = 04C037C42A668A5A005045D3;
					};
				};
			};
			buildConfigurationList = 04C037C02A668A5A005045D3 /* Build configuration list for PBXProject "MakeItSo" */;
			compatibilityVersion = "Xcode 14.0";
			developmentRegion = en;
			hasScannedForEncodings = 0;
			knownRegions = (
				en,
				Base,
			);
			mainGroup = 04C037BC2A668A5A005045D3;
			packageReferences = (
				456E21EC2A680A360036F00D /* XCRemoteSwiftPackageReference "firebase-ios-sdk" */,
				45890BD02A694C5000BAF127 /* XCRemoteSwiftPackageReference "Factory" */,
			);
			productRefGroup = 04C037C62A668A5A005045D3 /* Products */;
			projectDirPath = "";
			projectRoot = "";
			targets = (
				04C037C42A668A5A005045D3 /* MakeItSo */,
				04C037D42A668A5C005045D3 /* MakeItSoTests */,
				04C037DE2A668A5C005045D3 /* MakeItSoUITests */,
			);
		};
/* End PBXProject section */

/* Begin PBXResourcesBuildPhase section */
		04C037C32A668A5A005045D3 /* Resources */ = {
			isa = PBXResourcesBuildPhase;
			buildActionMask = 2147483647;
			files = (
				04C037D02A668A5C005045D3 /* Preview Assets.xcassets in Resources */,
				04C037CD2A668A5C005045D3 /* Assets.xcassets in Resources */,
				456E21F82A6816A50036F00D /* GoogleService-Info.plist in Resources */,
			);
			runOnlyForDeploymentPostprocessing = 0;
		};
		04C037D32A668A5C005045D3 /* Resources */ = {
			isa = PBXResourcesBuildPhase;
			buildActionMask = 2147483647;
			files = (
			);
			runOnlyForDeploymentPostprocessing = 0;
		};
		04C037DD2A668A5C005045D3 /* Resources */ = {
			isa = PBXResourcesBuildPhase;
			buildActionMask = 2147483647;
			files = (
			);
			runOnlyForDeploymentPostprocessing = 0;
		};
/* End PBXResourcesBuildPhase section */

/* Begin PBXShellScriptBuildPhase section */
		45A898072A67BCA9000DA721 /* Swift Format */ = {
			isa = PBXShellScriptBuildPhase;
			buildActionMask = 2147483647;
			files = (
			);
			inputFileListPaths = (
			);
			inputPaths = (
			);
			name = "Swift Format";
			outputFileListPaths = (
			);
			outputPaths = (
			);
			runOnlyForDeploymentPostprocessing = 0;
			shellPath = /bin/sh;
			shellScript = "if which swiftformat >/dev/null; then\n  swiftformat .\nelse\n  echo \"warning: SwiftFormat not installed, download from https://github.com/nicklockwood/SwiftFormat\"\nfi\n";
		};
/* End PBXShellScriptBuildPhase section */

/* Begin PBXSourcesBuildPhase section */
		04C037C12A668A5A005045D3 /* Sources */ = {
			isa = PBXSourcesBuildPhase;
			buildActionMask = 2147483647;
			files = (
				456E21EA2A67F5EE0036F00D /* ReminderToggleStyle.swift in Sources */,
				45890BD72A694D4300BAF127 /* Firebase+Injection.swift in Sources */,
				45890BCF2A69277400BAF127 /* RemindersListViewModel.swift in Sources */,
				456E21E72A67F1080036F00D /* RemindersListRowView.swift in Sources */,
				45708FBF2A67B65A00B8A838 /* Reminder.swift in Sources */,
				45890BD92A694EF700BAF127 /* Repositories+Injection.swift in Sources */,
				04C037CB2A668A5A005045D3 /* RemindersListView.swift in Sources */,
				45890BCB2A69176100BAF127 /* RemindersRepository.swift in Sources */,
				45D6A2952A67C87F00DF8A7E /* EditReminderDetailsView.swift in Sources */,
				04C037C92A668A5A005045D3 /* MakeItSoApp.swift in Sources */,
			);
			runOnlyForDeploymentPostprocessing = 0;
		};
		04C037D12A668A5C005045D3 /* Sources */ = {
			isa = PBXSourcesBuildPhase;
			buildActionMask = 2147483647;
			files = (
				04C037DA2A668A5C005045D3 /* MakeItSoTests.swift in Sources */,
			);
			runOnlyForDeploymentPostprocessing = 0;
		};
		04C037DB2A668A5C005045D3 /* Sources */ = {
			isa = PBXSourcesBuildPhase;
			buildActionMask = 2147483647;
			files = (
				04C037E62A668A5C005045D3 /* MakeItSoUITestsLaunchTests.swift in Sources */,
				04C037E42A668A5C005045D3 /* MakeItSoUITests.swift in Sources */,
			);
			runOnlyForDeploymentPostprocessing = 0;
		};
/* End PBXSourcesBuildPhase section */

/* Begin PBXTargetDependency section */
		04C037D72A668A5C005045D3 /* PBXTargetDependency */ = {
			isa = PBXTargetDependency;
			target = 04C037C42A668A5A005045D3 /* MakeItSo */;
			targetProxy = 04C037D62A668A5C005045D3 /* PBXContainerItemProxy */;
		};
		04C037E12A668A5C005045D3 /* PBXTargetDependency */ = {
			isa = PBXTargetDependency;
			target = 04C037C42A668A5A005045D3 /* MakeItSo */;
			targetProxy = 04C037E02A668A5C005045D3 /* PBXContainerItemProxy */;
		};
/* End PBXTargetDependency section */

/* Begin XCBuildConfiguration section */
		04C037E72A668A5C005045D3 /* Debug */ = {
			isa = XCBuildConfiguration;
			buildSettings = {
				ALWAYS_SEARCH_USER_PATHS = NO;
				CLANG_ANALYZER_NONNULL = YES;
				CLANG_ANALYZER_NUMBER_OBJECT_CONVERSION = YES_AGGRESSIVE;
				CLANG_CXX_LANGUAGE_STANDARD = "gnu++20";
				CLANG_ENABLE_MODULES = YES;
				CLANG_ENABLE_OBJC_ARC = YES;
				CLANG_ENABLE_OBJC_WEAK = YES;
				CLANG_WARN_BLOCK_CAPTURE_AUTORELEASING = YES;
				CLANG_WARN_BOOL_CONVERSION = YES;
				CLANG_WARN_COMMA = YES;
				CLANG_WARN_CONSTANT_CONVERSION = YES;
				CLANG_WARN_DEPRECATED_OBJC_IMPLEMENTATIONS = YES;
				CLANG_WARN_DIRECT_OBJC_ISA_USAGE = YES_ERROR;
				CLANG_WARN_DOCUMENTATION_COMMENTS = YES;
				CLANG_WARN_EMPTY_BODY = YES;
				CLANG_WARN_ENUM_CONVERSION = YES;
				CLANG_WARN_INFINITE_RECURSION = YES;
				CLANG_WARN_INT_CONVERSION = YES;
				CLANG_WARN_NON_LITERAL_NULL_CONVERSION = YES;
				CLANG_WARN_OBJC_IMPLICIT_RETAIN_SELF = YES;
				CLANG_WARN_OBJC_LITERAL_CONVERSION = YES;
				CLANG_WARN_OBJC_ROOT_CLASS = YES_ERROR;
				CLANG_WARN_QUOTED_INCLUDE_IN_FRAMEWORK_HEADER = YES;
				CLANG_WARN_RANGE_LOOP_ANALYSIS = YES;
				CLANG_WARN_STRICT_PROTOTYPES = YES;
				CLANG_WARN_SUSPICIOUS_MOVE = YES;
				CLANG_WARN_UNGUARDED_AVAILABILITY = YES_AGGRESSIVE;
				CLANG_WARN_UNREACHABLE_CODE = YES;
				CLANG_WARN__DUPLICATE_METHOD_MATCH = YES;
				COPY_PHASE_STRIP = NO;
				DEBUG_INFORMATION_FORMAT = dwarf;
				ENABLE_STRICT_OBJC_MSGSEND = YES;
				ENABLE_TESTABILITY = YES;
				GCC_C_LANGUAGE_STANDARD = gnu11;
				GCC_DYNAMIC_NO_PIC = NO;
				GCC_NO_COMMON_BLOCKS = YES;
				GCC_OPTIMIZATION_LEVEL = 0;
				GCC_PREPROCESSOR_DEFINITIONS = (
					"DEBUG=1",
					"$(inherited)",
				);
				GCC_WARN_64_TO_32_BIT_CONVERSION = YES;
				GCC_WARN_ABOUT_RETURN_TYPE = YES_ERROR;
				GCC_WARN_UNDECLARED_SELECTOR = YES;
				GCC_WARN_UNINITIALIZED_AUTOS = YES_AGGRESSIVE;
				GCC_WARN_UNUSED_FUNCTION = YES;
				GCC_WARN_UNUSED_VARIABLE = YES;
				IPHONEOS_DEPLOYMENT_TARGET = 16.4;
				MTL_ENABLE_DEBUG_INFO = INCLUDE_SOURCE;
				MTL_FAST_MATH = YES;
				ONLY_ACTIVE_ARCH = YES;
				SDKROOT = iphoneos;
				SWIFT_ACTIVE_COMPILATION_CONDITIONS = DEBUG;
				SWIFT_OPTIMIZATION_LEVEL = "-Onone";
			};
			name = Debug;
		};
		04C037E82A668A5C005045D3 /* Release */ = {
			isa = XCBuildConfiguration;
			buildSettings = {
				ALWAYS_SEARCH_USER_PATHS = NO;
				CLANG_ANALYZER_NONNULL = YES;
				CLANG_ANALYZER_NUMBER_OBJECT_CONVERSION = YES_AGGRESSIVE;
				CLANG_CXX_LANGUAGE_STANDARD = "gnu++20";
				CLANG_ENABLE_MODULES = YES;
				CLANG_ENABLE_OBJC_ARC = YES;
				CLANG_ENABLE_OBJC_WEAK = YES;
				CLANG_WARN_BLOCK_CAPTURE_AUTORELEASING = YES;
				CLANG_WARN_BOOL_CONVERSION = YES;
				CLANG_WARN_COMMA = YES;
				CLANG_WARN_CONSTANT_CONVERSION = YES;
				CLANG_WARN_DEPRECATED_OBJC_IMPLEMENTATIONS = YES;
				CLANG_WARN_DIRECT_OBJC_ISA_USAGE = YES_ERROR;
				CLANG_WARN_DOCUMENTATION_COMMENTS = YES;
				CLANG_WARN_EMPTY_BODY = YES;
				CLANG_WARN_ENUM_CONVERSION = YES;
				CLANG_WARN_INFINITE_RECURSION = YES;
				CLANG_WARN_INT_CONVERSION = YES;
				CLANG_WARN_NON_LITERAL_NULL_CONVERSION = YES;
				CLANG_WARN_OBJC_IMPLICIT_RETAIN_SELF = YES;
				CLANG_WARN_OBJC_LITERAL_CONVERSION = YES;
				CLANG_WARN_OBJC_ROOT_CLASS = YES_ERROR;
				CLANG_WARN_QUOTED_INCLUDE_IN_FRAMEWORK_HEADER = YES;
				CLANG_WARN_RANGE_LOOP_ANALYSIS = YES;
				CLANG_WARN_STRICT_PROTOTYPES = YES;
				CLANG_WARN_SUSPICIOUS_MOVE = YES;
				CLANG_WARN_UNGUARDED_AVAILABILITY = YES_AGGRESSIVE;
				CLANG_WARN_UNREACHABLE_CODE = YES;
				CLANG_WARN__DUPLICATE_METHOD_MATCH = YES;
				COPY_PHASE_STRIP = NO;
				DEBUG_INFORMATION_FORMAT = "dwarf-with-dsym";
				ENABLE_NS_ASSERTIONS = NO;
				ENABLE_STRICT_OBJC_MSGSEND = YES;
				GCC_C_LANGUAGE_STANDARD = gnu11;
				GCC_NO_COMMON_BLOCKS = YES;
				GCC_WARN_64_TO_32_BIT_CONVERSION = YES;
				GCC_WARN_ABOUT_RETURN_TYPE = YES_ERROR;
				GCC_WARN_UNDECLARED_SELECTOR = YES;
				GCC_WARN_UNINITIALIZED_AUTOS = YES_AGGRESSIVE;
				GCC_WARN_UNUSED_FUNCTION = YES;
				GCC_WARN_UNUSED_VARIABLE = YES;
				IPHONEOS_DEPLOYMENT_TARGET = 16.4;
				MTL_ENABLE_DEBUG_INFO = NO;
				MTL_FAST_MATH = YES;
				SDKROOT = iphoneos;
				SWIFT_COMPILATION_MODE = wholemodule;
				SWIFT_OPTIMIZATION_LEVEL = "-O";
				VALIDATE_PRODUCT = YES;
			};
			name = Release;
		};
		04C037EA2A668A5C005045D3 /* Debug */ = {
			isa = XCBuildConfiguration;
			buildSettings = {
				ASSETCATALOG_COMPILER_APPICON_NAME = AppIcon;
				ASSETCATALOG_COMPILER_GLOBAL_ACCENT_COLOR_NAME = AccentColor;
				CODE_SIGN_STYLE = Automatic;
				CURRENT_PROJECT_VERSION = 1;
				DEVELOPMENT_ASSET_PATHS = "\"MakeItSo/Preview Content\"";
				DEVELOPMENT_TEAM = 2SG9BR5K6B;
				ENABLE_PREVIEWS = YES;
				GENERATE_INFOPLIST_FILE = YES;
				INFOPLIST_KEY_UIApplicationSceneManifest_Generation = YES;
				INFOPLIST_KEY_UIApplicationSupportsIndirectInputEvents = YES;
				INFOPLIST_KEY_UILaunchScreen_Generation = YES;
				INFOPLIST_KEY_UISupportedInterfaceOrientations_iPad = "UIInterfaceOrientationPortrait UIInterfaceOrientationPortraitUpsideDown UIInterfaceOrientationLandscapeLeft UIInterfaceOrientationLandscapeRight";
				INFOPLIST_KEY_UISupportedInterfaceOrientations_iPhone = "UIInterfaceOrientationPortrait UIInterfaceOrientationLandscapeLeft UIInterfaceOrientationLandscapeRight";
				LD_RUNPATH_SEARCH_PATHS = (
					"$(inherited)",
					"@executable_path/Frameworks",
				);
				MARKETING_VERSION = 1.0;
				PRODUCT_BUNDLE_IDENTIFIER = huynguyendev.MakeItSo;
				PRODUCT_NAME = "$(TARGET_NAME)";
				SWIFT_EMIT_LOC_STRINGS = YES;
				SWIFT_VERSION = 5.0;
				TARGETED_DEVICE_FAMILY = "1,2";
			};
			name = Debug;
		};
		04C037EB2A668A5C005045D3 /* Release */ = {
			isa = XCBuildConfiguration;
			buildSettings = {
				ASSETCATALOG_COMPILER_APPICON_NAME = AppIcon;
				ASSETCATALOG_COMPILER_GLOBAL_ACCENT_COLOR_NAME = AccentColor;
				CODE_SIGN_STYLE = Automatic;
				CURRENT_PROJECT_VERSION = 1;
				DEVELOPMENT_ASSET_PATHS = "\"MakeItSo/Preview Content\"";
				DEVELOPMENT_TEAM = 2SG9BR5K6B;
				ENABLE_PREVIEWS = YES;
				GENERATE_INFOPLIST_FILE = YES;
				INFOPLIST_KEY_UIApplicationSceneManifest_Generation = YES;
				INFOPLIST_KEY_UIApplicationSupportsIndirectInputEvents = YES;
				INFOPLIST_KEY_UILaunchScreen_Generation = YES;
				INFOPLIST_KEY_UISupportedInterfaceOrientations_iPad = "UIInterfaceOrientationPortrait UIInterfaceOrientationPortraitUpsideDown UIInterfaceOrientationLandscapeLeft UIInterfaceOrientationLandscapeRight";
				INFOPLIST_KEY_UISupportedInterfaceOrientations_iPhone = "UIInterfaceOrientationPortrait UIInterfaceOrientationLandscapeLeft UIInterfaceOrientationLandscapeRight";
				LD_RUNPATH_SEARCH_PATHS = (
					"$(inherited)",
					"@executable_path/Frameworks",
				);
				MARKETING_VERSION = 1.0;
				PRODUCT_BUNDLE_IDENTIFIER = huynguyendev.MakeItSo;
				PRODUCT_NAME = "$(TARGET_NAME)";
				SWIFT_EMIT_LOC_STRINGS = YES;
				SWIFT_VERSION = 5.0;
				TARGETED_DEVICE_FAMILY = "1,2";
			};
			name = Release;
		};
		04C037ED2A668A5C005045D3 /* Debug */ = {
			isa = XCBuildConfiguration;
			buildSettings = {
				ALWAYS_EMBED_SWIFT_STANDARD_LIBRARIES = YES;
				BUNDLE_LOADER = "$(TEST_HOST)";
				CODE_SIGN_STYLE = Automatic;
				CURRENT_PROJECT_VERSION = 1;
				DEVELOPMENT_TEAM = 2SG9BR5K6B;
				GENERATE_INFOPLIST_FILE = YES;
				IPHONEOS_DEPLOYMENT_TARGET = 16.4;
				MARKETING_VERSION = 1.0;
				PRODUCT_BUNDLE_IDENTIFIER = huynguyendev.MakeItSoTests;
				PRODUCT_NAME = "$(TARGET_NAME)";
				SWIFT_EMIT_LOC_STRINGS = NO;
				SWIFT_VERSION = 5.0;
				TARGETED_DEVICE_FAMILY = "1,2";
				TEST_HOST = "$(BUILT_PRODUCTS_DIR)/MakeItSo.app/$(BUNDLE_EXECUTABLE_FOLDER_PATH)/MakeItSo";
			};
			name = Debug;
		};
		04C037EE2A668A5C005045D3 /* Release */ = {
			isa = XCBuildConfiguration;
			buildSettings = {
				ALWAYS_EMBED_SWIFT_STANDARD_LIBRARIES = YES;
				BUNDLE_LOADER = "$(TEST_HOST)";
				CODE_SIGN_STYLE = Automatic;
				CURRENT_PROJECT_VERSION = 1;
				DEVELOPMENT_TEAM = 2SG9BR5K6B;
				GENERATE_INFOPLIST_FILE = YES;
				IPHONEOS_DEPLOYMENT_TARGET = 16.4;
				MARKETING_VERSION = 1.0;
				PRODUCT_BUNDLE_IDENTIFIER = huynguyendev.MakeItSoTests;
				PRODUCT_NAME = "$(TARGET_NAME)";
				SWIFT_EMIT_LOC_STRINGS = NO;
				SWIFT_VERSION = 5.0;
				TARGETED_DEVICE_FAMILY = "1,2";
				TEST_HOST = "$(BUILT_PRODUCTS_DIR)/MakeItSo.app/$(BUNDLE_EXECUTABLE_FOLDER_PATH)/MakeItSo";
			};
			name = Release;
		};
		04C037F02A668A5C005045D3 /* Debug */ = {
			isa = XCBuildConfiguration;
			buildSettings = {
				ALWAYS_EMBED_SWIFT_STANDARD_LIBRARIES = YES;
				CODE_SIGN_STYLE = Automatic;
				CURRENT_PROJECT_VERSION = 1;
				DEVELOPMENT_TEAM = 2SG9BR5K6B;
				GENERATE_INFOPLIST_FILE = YES;
				MARKETING_VERSION = 1.0;
				PRODUCT_BUNDLE_IDENTIFIER = huynguyendev.MakeItSoUITests;
				PRODUCT_NAME = "$(TARGET_NAME)";
				SWIFT_EMIT_LOC_STRINGS = NO;
				SWIFT_VERSION = 5.0;
				TARGETED_DEVICE_FAMILY = "1,2";
				TEST_TARGET_NAME = MakeItSo;
			};
			name = Debug;
		};
		04C037F12A668A5C005045D3 /* Release */ = {
			isa = XCBuildConfiguration;
			buildSettings = {
				ALWAYS_EMBED_SWIFT_STANDARD_LIBRARIES = YES;
				CODE_SIGN_STYLE = Automatic;
				CURRENT_PROJECT_VERSION = 1;
				DEVELOPMENT_TEAM = 2SG9BR5K6B;
				GENERATE_INFOPLIST_FILE = YES;
				MARKETING_VERSION = 1.0;
				PRODUCT_BUNDLE_IDENTIFIER = huynguyendev.MakeItSoUITests;
				PRODUCT_NAME = "$(TARGET_NAME)";
				SWIFT_EMIT_LOC_STRINGS = NO;
				SWIFT_VERSION = 5.0;
				TARGETED_DEVICE_FAMILY = "1,2";
				TEST_TARGET_NAME = MakeItSo;
			};
			name = Release;
		};
/* End XCBuildConfiguration section */

/* Begin XCConfigurationList section */
		04C037C02A668A5A005045D3 /* Build configuration list for PBXProject "MakeItSo" */ = {
			isa = XCConfigurationList;
			buildConfigurations = (
				04C037E72A668A5C005045D3 /* Debug */,
				04C037E82A668A5C005045D3 /* Release */,
			);
			defaultConfigurationIsVisible = 0;
			defaultConfigurationName = Release;
		};
		04C037E92A668A5C005045D3 /* Build configuration list for PBXNativeTarget "MakeItSo" */ = {
			isa = XCConfigurationList;
			buildConfigurations = (
				04C037EA2A668A5C005045D3 /* Debug */,
				04C037EB2A668A5C005045D3 /* Release */,
			);
			defaultConfigurationIsVisible = 0;
			defaultConfigurationName = Release;
		};
		04C037EC2A668A5C005045D3 /* Build configuration list for PBXNativeTarget "MakeItSoTests" */ = {
			isa = XCConfigurationList;
			buildConfigurations = (
				04C037ED2A668A5C005045D3 /* Debug */,
				04C037EE2A668A5C005045D3 /* Release */,
			);
			defaultConfigurationIsVisible = 0;
			defaultConfigurationName = Release;
		};
		04C037EF2A668A5C005045D3 /* Build configuration list for PBXNativeTarget "MakeItSoUITests" */ = {
			isa = XCConfigurationList;
			buildConfigurations = (
				04C037F02A668A5C005045D3 /* Debug */,
				04C037F12A668A5C005045D3 /* Release */,
			);
			defaultConfigurationIsVisible = 0;
			defaultConfigurationName = Release;
		};
/* End XCConfigurationList section */

/* Begin XCRemoteSwiftPackageReference section */
		456E21EC2A680A360036F00D /* XCRemoteSwiftPackageReference "firebase-ios-sdk" */ = {
			isa = XCRemoteSwiftPackageReference;
			repositoryURL = "https://github.com/firebase/firebase-ios-sdk";
			requirement = {
				kind = upToNextMajorVersion;
				minimumVersion = 10.9.0;
			};
		};
		45890BD02A694C5000BAF127 /* XCRemoteSwiftPackageReference "Factory" */ = {
			isa = XCRemoteSwiftPackageReference;
			repositoryURL = "https://github.com/hmlongco/Factory";
			requirement = {
				kind = upToNextMajorVersion;
				minimumVersion = 2.1.0;
			};
		};
/* End XCRemoteSwiftPackageReference section */

/* Begin XCSwiftPackageProductDependency section */
		456E21ED2A680A360036F00D /* FirebaseAnalytics */ = {
			isa = XCSwiftPackageProductDependency;
			package = 456E21EC2A680A360036F00D /* XCRemoteSwiftPackageReference "firebase-ios-sdk" */;
			productName = FirebaseAnalytics;
		};
		456E21EF2A680A360036F00D /* FirebaseAnalyticsSwift */ = {
			isa = XCSwiftPackageProductDependency;
			package = 456E21EC2A680A360036F00D /* XCRemoteSwiftPackageReference "firebase-ios-sdk" */;
			productName = FirebaseAnalyticsSwift;
		};
		456E21F12A680A360036F00D /* FirebaseAuth */ = {
			isa = XCSwiftPackageProductDependency;
			package = 456E21EC2A680A360036F00D /* XCRemoteSwiftPackageReference "firebase-ios-sdk" */;
			productName = FirebaseAuth;
		};
		456E21F32A680A360036F00D /* FirebaseFirestore */ = {
			isa = XCSwiftPackageProductDependency;
			package = 456E21EC2A680A360036F00D /* XCRemoteSwiftPackageReference "firebase-ios-sdk" */;
			productName = FirebaseFirestore;
		};
		456E21F52A680A360036F00D /* FirebaseFirestoreSwift */ = {
			isa = XCSwiftPackageProductDependency;
			package = 456E21EC2A680A360036F00D /* XCRemoteSwiftPackageReference "firebase-ios-sdk" */;
			productName = FirebaseFirestoreSwift;
		};
		45890BD12A694C5000BAF127 /* Factory */ = {
			isa = XCSwiftPackageProductDependency;
			package = 45890BD02A694C5000BAF127 /* XCRemoteSwiftPackageReference "Factory" */;
			productName = Factory;
		};
/* End XCSwiftPackageProductDependency section */
	};
	rootObject = 04C037BD2A668A5A005045D3 /* Project object */;
}
